{
  "originHash" : "daae9175aa49a705dbb20702deb8780f38467123284a96851f8749e280cfbd84",
  "pins" : [
    {
      "identity" : "alwayspopover",
      "kind" : "remoteSourceControl",
      "location" : "https://github.com/LePips/AlwaysPopover",
      "state" : {
        "revision" : "b12bc8168eca40f109e20e6f7399143288bdb6a7",
        "version" : "0.1.0"
      }
    },
    {
      "identity" : "differencekit",
      "kind" : "remoteSourceControl",
      "location" : "https://github.com/ra1028/DifferenceKit",
      "state" : {
        "revision" : "073b9671ce2b9b5b96398611427a1f929927e428",
        "version" : "1.3.0"
      }
    }
  ],
  "version" : 3
}
